
Microsoft Visual Studio Solution File, Format Version 12.00
# Visual Studio Version 16
VisualStudioVersion = 16.0.29709.97
MinimumVisualStudioVersion = 10.0.40219.1
Project("{FAE04EC0-301F-11D3-BF4B-00C04F79EFBC}") = "sqlTest", "sqlTest.csproj", "{F30D5281-2E53-4CFB-9966-36631FADCBB1}"
EndProject
Global
	GlobalSection(SolutionConfigurationPlatforms) = preSolution
		Debug|Any CPU = Debug|Any CPU
		Release|Any CPU = Release|Any CPU
	EndGlobalSection
	GlobalSection(ProjectConfigurationPlatforms) = postSolution
		{F30D5281-2E53-4CFB-9966-36631FADCBB1}.Debug|Any CPU.ActiveCfg = Debug|Any CPU
		{F30D5281-2E53-4CFB-9966-36631FADCBB1}.Debug|Any CPU.Build.0 = Debug|Any CPU
		{F30D5281-2E53-4CFB-9966-36631FADCBB1}.Release|Any CPU.ActiveCfg = Release|Any CPU
		{F30D5281-2E53-4CFB-9966-36631FADCBB1}.Release|Any CPU.Build.0 = Release|Any CPU
	EndGlobalSection
	GlobalSection(SolutionProperties) = preSolution
		HideSolutionNode = FALSE
	EndGlobalSection
	GlobalSection(ExtensibilityGlobals) = postSolution
		SolutionGuid = {5757A9E9-906C-4F1D-AE1B-3081E0E98646}
	EndGlobalSection
EndGlobal
